<Solution>
  <Folder Name="/Samples/">
    <Project Path="DandyMediator.SampleApi/DandyMediator.SampleApi.csproj" />
  </Folder>
  <Folder Name="/_/">
    <File Path="Directory.Build.props" />
    <File Path="Directory.Packages.props" />
  </Folder>
  <Project Path="DandyMediator.Validation.Tests/DandyMediator.Validation.Tests.csproj" />
  <Project Path="DandyMediator.Validation/DandyMediator.Validation.csproj" />
  <Project Path="DandyMediator/DandyMediator.csproj" />
</Solution>
