<Solution>
  <Project Path="E:/development/repos/open-mediator/src/OpenMediator.Validation/OpenMediator.Validation.csproj" Id="319f9567-caea-4365-85f5-db8d6f429537" />
  <Project Path="E:/development/repos/open-mediator/src/OpenMediator/OpenMediator.csproj" Id="085254ef-58eb-4348-a3c0-2160c11ca79b" />
</Solution>
